// !$*UTF8*$!
{
	archiveVersion = 1;
	classes = {
	};
	objectVersion = 50;
	objects = {

/* Begin PBXBuildFile section */
		18EA946622C10CA700095B6A /* AppDelegate.swift in Sources */ = {isa = PBXBuildFile; fileRef = 18EA946522C10CA700095B6A /* AppDelegate.swift */; };
		18EA946B22C10CA700095B6A /* Main.storyboard in Resources */ = {isa = PBXBuildFile; fileRef = 18EA946922C10CA700095B6A /* Main.storyboard */; };
		18EA946E22C10CA700095B6A /* todoList.xcdatamodeld in Sources */ = {isa = PBXBuildFile; fileRef = 18EA946C22C10CA700095B6A /* todoList.xcdatamodeld */; };
		18EA947022C10CA800095B6A /* Assets.xcassets in Resources */ = {isa = PBXBuildFile; fileRef = 18EA946F22C10CA800095B6A /* Assets.xcassets */; };
		18EA947322C10CA800095B6A /* LaunchScreen.storyboard in Resources */ = {isa = PBXBuildFile; fileRef = 18EA947122C10CA800095B6A /* LaunchScreen.storyboard */; };
		18EA947E22C10CA800095B6A /* todoListTests.swift in Sources */ = {isa = PBXBuildFile; fileRef = 18EA947D22C10CA800095B6A /* todoListTests.swift */; };
		18EA948922C10CA800095B6A /* todoListUITests.swift in Sources */ = {isa = PBXBuildFile; fileRef = 18EA948822C10CA800095B6A /* todoListUITests.swift */; };
		18EA949722C1100F00095B6A /* ToDoTableViewController.swift in Sources */ = {isa = PBXBuildFile; fileRef = 18EA949622C1100F00095B6A /* ToDoTableViewController.swift */; };
		18EA949922C1111800095B6A /* ToDo.swift in Sources */ = {isa = PBXBuildFile; fileRef = 18EA949822C1111800095B6A /* ToDo.swift */; };
/* End PBXBuildFile section */

/* Begin PBXContainerItemProxy section */
		18EA947A22C10CA800095B6A /* PBXContainerItemProxy */ = {
			isa = PBXContainerItemProxy;
			containerPortal = 18EA945A22C10CA700095B6A /* Project object */;
			proxyType = 1;
			remoteGlobalIDString = 18EA946122C10CA700095B6A;
			remoteInfo = todoList;
		};
		18EA948522C10CA800095B6A /* PBXContainerItemProxy */ = {
			isa = PBXContainerItemProxy;
			containerPortal = 18EA945A22C10CA700095B6A /* Project object */;
			proxyType = 1;
			remoteGlobalIDString = 18EA946122C10CA700095B6A;
			remoteInfo = todoList;
		};
/* End PBXContainerItemProxy section */

/* Begin PBXFileReference section */
		18EA946222C10CA700095B6A /* todoList.app */ = {isa = PBXFileReference; explicitFileType = wrapper.application; includeInIndex = 0; path = todoList.app; sourceTree = BUILT_PRODUCTS_DIR; };
		18EA946522C10CA700095B6A /* AppDelegate.swift */ = {isa = PBXFileReference; lastKnownFileType = sourcecode.swift; path = AppDelegate.swift; sourceTree = "<group>"; };
		18EA946A22C10CA700095B6A /* Base */ = {isa = PBXFileReference; lastKnownFileType = file.storyboard; name = Base; path = Base.lproj/Main.storyboard; sourceTree = "<group>"; };
		18EA946D22C10CA700095B6A /* todoList.xcdatamodel */ = {isa = PBXFileReference; lastKnownFileType = wrapper.xcdatamodel; path = todoList.xcdatamodel; sourceTree = "<group>"; };
		18EA946F22C10CA800095B6A /* Assets.xcassets */ = {isa = PBXFileReference; lastKnownFileType = folder.assetcatalog; path = Assets.xcassets; sourceTree = "<group>"; };
		18EA947222C10CA800095B6A /* Base */ = {isa = PBXFileReference; lastKnownFileType = file.storyboard; name = Base; path = Base.lproj/LaunchScreen.storyboard; sourceTree = "<group>"; };
		18EA947422C10CA800095B6A /* Info.plist */ = {isa = PBXFileReference; lastKnownFileType = text.plist.xml; path = Info.plist; sourceTree = "<group>"; };
		18EA947922C10CA800095B6A /* todoListTests.xctest */ = {isa = PBXFileReference; explicitFileType = wrapper.cfbundle; includeInIndex = 0; path = todoListTests.xctest; sourceTree = BUILT_PRODUCTS_DIR; };
		18EA947D22C10CA800095B6A /* todoListTests.swift */ = {isa = PBXFileReference; lastKnownFileType = sourcecode.swift; path = todoListTests.swift; sourceTree = "<group>"; };
		18EA947F22C10CA800095B6A /* Info.plist */ = {isa = PBXFileReference; lastKnownFileType = text.plist.xml; path = Info.plist; sourceTree = "<group>"; };
		18EA948422C10CA800095B6A /* todoListUITests.xctest */ = {isa = PBXFileReference; explicitFileType = wrapper.cfbundle; includeInIndex = 0; path = todoListUITests.xctest; sourceTree = BUILT_PRODUCTS_DIR; };
		18EA948822C10CA800095B6A /* todoListUITests.swift */ = {isa = PBXFileReference; lastKnownFileType = sourcecode.swift; path = todoListUITests.swift; sourceTree = "<group>"; };
		18EA948A22C10CA800095B6A /* Info.plist */ = {isa = PBXFileReference; lastKnownFileType = text.plist.xml; path = Info.plist; sourceTree = "<group>"; };
		18EA949622C1100F00095B6A /* ToDoTableViewController.swift */ = {isa = PBXFileReference; lastKnownFileType = sourcecode.swift; path = ToDoTableViewController.swift; sourceTree = "<group>"; };
		18EA949822C1111800095B6A /* ToDo.swift */ = {isa = PBXFileReference; lastKnownFileType = sourcecode.swift; path = ToDo.swift; sourceTree = "<group>"; };
/* End PBXFileReference section */

/* Begin PBXFrameworksBuildPhase section */
		18EA945F22C10CA700095B6A /* Frameworks */ = {
			isa = PBXFrameworksBuildPhase;
			buildActionMask = 2147483647;
			files = (
			);
			runOnlyForDeploymentPostprocessing = 0;
		};
		18EA947622C10CA800095B6A /* Frameworks */ = {
			isa = PBXFrameworksBuildPhase;
			buildActionMask = 2147483647;
			files = (
			);
			runOnlyForDeploymentPostprocessing = 0;
		};
		18EA948122C10CA800095B6A /* Frameworks */ = {
			isa = PBXFrameworksBuildPhase;
			buildActionMask = 2147483647;
			files = (
			);
			runOnlyForDeploymentPostprocessing = 0;
		};
/* End PBXFrameworksBuildPhase section */

/* Begin PBXGroup section */
		18EA945922C10CA700095B6A = {
			isa = PBXGroup;
			children = (
				18EA946422C10CA700095B6A /* todoList */,
				18EA947C22C10CA800095B6A /* todoListTests */,
				18EA948722C10CA800095B6A /* todoListUITests */,
				18EA946322C10CA700095B6A /* Products */,
			);
			sourceTree = "<group>";
		};
		18EA946322C10CA700095B6A /* Products */ = {
			isa = PBXGroup;
			children = (
				18EA946222C10CA700095B6A /* todoList.app */,
				18EA947922C10CA800095B6A /* todoListTests.xctest */,
				18EA948422C10CA800095B6A /* todoListUITests.xctest */,
			);
			name = Products;
			sourceTree = "<group>";
		};
		18EA946422C10CA700095B6A /* todoList */ = {
			isa = PBXGroup;
			children = (
				18EA946522C10CA700095B6A /* AppDelegate.swift */,
				18EA946922C10CA700095B6A /* Main.storyboard */,
				18EA949822C1111800095B6A /* ToDo.swift */,
				18EA946F22C10CA800095B6A /* Assets.xcassets */,
				18EA947122C10CA800095B6A /* LaunchScreen.storyboard */,
				18EA947422C10CA800095B6A /* Info.plist */,
				18EA949622C1100F00095B6A /* ToDoTableViewController.swift */,
				18EA946C22C10CA700095B6A /* todoList.xcdatamodeld */,
			);
			path = todoList;
			sourceTree = "<group>";
		};
		18EA947C22C10CA800095B6A /* todoListTests */ = {
			isa = PBXGroup;
			children = (
				18EA947D22C10CA800095B6A /* todoListTests.swift */,
				18EA947F22C10CA800095B6A /* Info.plist */,
			);
			path = todoListTests;
			sourceTree = "<group>";
		};
		18EA948722C10CA800095B6A /* todoListUITests */ = {
			isa = PBXGroup;
			children = (
				18EA948822C10CA800095B6A /* todoListUITests.swift */,
				18EA948A22C10CA800095B6A /* Info.plist */,
			);
			path = todoListUITests;
			sourceTree = "<group>";
		};
/* End PBXGroup section */

/* Begin PBXNativeTarget section */
		18EA946122C10CA700095B6A /* todoList */ = {
			isa = PBXNativeTarget;
			buildConfigurationList = 18EA948D22C10CA800095B6A /* Build configuration list for PBXNativeTarget "todoList" */;
			buildPhases = (
				18EA945E22C10CA700095B6A /* Sources */,
				18EA945F22C10CA700095B6A /* Frameworks */,
				18EA946022C10CA700095B6A /* Resources */,
			);
			buildRules = (
			);
			dependencies = (
			);
			name = todoList;
			productName = todoList;
			productReference = 18EA946222C10CA700095B6A /* todoList.app */;
			productType = "com.apple.product-type.application";
		};
		18EA947822C10CA800095B6A /* todoListTests */ = {
			isa = PBXNativeTarget;
			buildConfigurationList = 18EA949022C10CA800095B6A /* Build configuration list for PBXNativeTarget "todoListTests" */;
			buildPhases = (
				18EA947522C10CA800095B6A /* Sources */,
				18EA947622C10CA800095B6A /* Frameworks */,
				18EA947722C10CA800095B6A /* Resources */,
			);
			buildRules = (
			);
			dependencies = (
				18EA947B22C10CA800095B6A /* PBXTargetDependency */,
			);
			name = todoListTests;
			productName = todoListTests;
			productReference = 18EA947922C10CA800095B6A /* todoListTests.xctest */;
			productType = "com.apple.product-type.bundle.unit-test";
		};
		18EA948322C10CA800095B6A /* todoListUITests */ = {
			isa = PBXNativeTarget;
			buildConfigurationList = 18EA949322C10CA800095B6A /* Build configuration list for PBXNativeTarget "todoListUITests" */;
			buildPhases = (
				18EA948022C10CA800095B6A /* Sources */,
				18EA948122C10CA800095B6A /* Frameworks */,
				18EA948222C10CA800095B6A /* Resources */,
			);
			buildRules = (
			);
			dependencies = (
				18EA948622C10CA800095B6A /* PBXTargetDependency */,
			);
			name = todoListUITests;
			productName = todoListUITests;
			productReference = 18EA948422C10CA800095B6A /* todoListUITests.xctest */;
			productType = "com.apple.product-type.bundle.ui-testing";
		};
/* End PBXNativeTarget section */

/* Begin PBXProject section */
		18EA945A22C10CA700095B6A /* Project object */ = {
			isa = PBXProject;
			attributes = {
				LastSwiftUpdateCheck = 1020;
				LastUpgradeCheck = 1020;
				ORGANIZATIONNAME = Apple;
				TargetAttributes = {
					18EA946122C10CA700095B6A = {
						CreatedOnToolsVersion = 10.2.1;
					};
					18EA947822C10CA800095B6A = {
						CreatedOnToolsVersion = 10.2.1;
						TestTargetID = 18EA946122C10CA700095B6A;
					};
					18EA948322C10CA800095B6A = {
						CreatedOnToolsVersion = 10.2.1;
						TestTargetID = 18EA946122C10CA700095B6A;
					};
				};
			};
			buildConfigurationList = 18EA945D22C10CA700095B6A /* Build configuration list for PBXProject "todoList" */;
			compatibilityVersion = "Xcode 9.3";
			developmentRegion = en;
			hasScannedForEncodings = 0;
			knownRegions = (
				en,
				Base,
			);
			mainGroup = 18EA945922C10CA700095B6A;
			productRefGroup = 18EA946322C10CA700095B6A /* Products */;
			projectDirPath = "";
			projectRoot = "";
			targets = (
				18EA946122C10CA700095B6A /* todoList */,
				18EA947822C10CA800095B6A /* todoListTests */,
				18EA948322C10CA800095B6A /* todoListUITests */,
			);
		};
/* End PBXProject section */

/* Begin PBXResourcesBuildPhase section */
		18EA946022C10CA700095B6A /* Resources */ = {
			isa = PBXResourcesBuildPhase;
			buildActionMask = 2147483647;
			files = (
				18EA947322C10CA800095B6A /* LaunchScreen.storyboard in Resources */,
				18EA947022C10CA800095B6A /* Assets.xcassets in Resources */,
				18EA946B22C10CA700095B6A /* Main.storyboard in Resources */,
			);
			runOnlyForDeploymentPostprocessing = 0;
		};
		18EA947722C10CA800095B6A /* Resources */ = {
			isa = PBXResourcesBuildPhase;
			buildActionMask = 2147483647;
			files = (
			);
			runOnlyForDeploymentPostprocessing = 0;
		};
		18EA948222C10CA800095B6A /* Resources */ = {
			isa = PBXResourcesBuildPhase;
			buildActionMask = 2147483647;
			files = (
			);
			runOnlyForDeploymentPostprocessing = 0;
		};
/* End PBXResourcesBuildPhase section */

/* Begin PBXSourcesBuildPhase section */
		18EA945E22C10CA700095B6A /* Sources */ = {
			isa = PBXSourcesBuildPhase;
			buildActionMask = 2147483647;
			files = (
				18EA946E22C10CA700095B6A /* todoList.xcdatamodeld in Sources */,
				18EA949722C1100F00095B6A /* ToDoTableViewController.swift in Sources */,
				18EA946622C10CA700095B6A /* AppDelegate.swift in Sources */,
				18EA949922C1111800095B6A /* ToDo.swift in Sources */,
			);
			runOnlyForDeploymentPostprocessing = 0;
		};
		18EA947522C10CA800095B6A /* Sources */ = {
			isa = PBXSourcesBuildPhase;
			buildActionMask = 2147483647;
			files = (
				18EA947E22C10CA800095B6A /* todoListTests.swift in Sources */,
			);
			runOnlyForDeploymentPostprocessing = 0;
		};
		18EA948022C10CA800095B6A /* Sources */ = {
			isa = PBXSourcesBuildPhase;
			buildActionMask = 2147483647;
			files = (
				18EA948922C10CA800095B6A /* todoListUITests.swift in Sources */,
			);
			runOnlyForDeploymentPostprocessing = 0;
		};
/* End PBXSourcesBuildPhase section */

/* Begin PBXTargetDependency section */
		18EA947B22C10CA800095B6A /* PBXTargetDependency */ = {
			isa = PBXTargetDependency;
			target = 18EA946122C10CA700095B6A /* todoList */;
			targetProxy = 18EA947A22C10CA800095B6A /* PBXContainerItemProxy */;
		};
		18EA948622C10CA800095B6A /* PBXTargetDependency */ = {
			isa = PBXTargetDependency;
			target = 18EA946122C10CA700095B6A /* todoList */;
			targetProxy = 18EA948522C10CA800095B6A /* PBXContainerItemProxy */;
		};
/* End PBXTargetDependency section */

/* Begin PBXVariantGroup section */
		18EA946922C10CA700095B6A /* Main.storyboard */ = {
			isa = PBXVariantGroup;
			children = (
				18EA946A22C10CA700095B6A /* Base */,
			);
			name = Main.storyboard;
			sourceTree = "<group>";
		};
		18EA947122C10CA800095B6A /* LaunchScreen.storyboard */ = {
			isa = PBXVariantGroup;
			children = (
				18EA947222C10CA800095B6A /* Base */,
			);
			name = LaunchScreen.storyboard;
			sourceTree = "<group>";
		};
/* End PBXVariantGroup section */

/* Begin XCBuildConfiguration section */
		18EA948B22C10CA800095B6A /* Debug */ = {
			isa = XCBuildConfiguration;
			buildSettings = {
				ALWAYS_SEARCH_USER_PATHS = NO;
				CLANG_ANALYZER_NONNULL = YES;
				CLANG_ANALYZER_NUMBER_OBJECT_CONVERSION = YES_AGGRESSIVE;
				CLANG_CXX_LANGUAGE_STANDARD = "gnu++14";
				CLANG_CXX_LIBRARY = "libc++";
				CLANG_ENABLE_MODULES = YES;
				CLANG_ENABLE_OBJC_ARC = YES;
				CLANG_ENABLE_OBJC_WEAK = YES;
				CLANG_WARN_BLOCK_CAPTURE_AUTORELEASING = YES;
				CLANG_WARN_BOOL_CONVERSION = YES;
				CLANG_WARN_COMMA = YES;
				CLANG_WARN_CONSTANT_CONVERSION = YES;
				CLANG_WARN_DEPRECATED_OBJC_IMPLEMENTATIONS = YES;
				CLANG_WARN_DIRECT_OBJC_ISA_USAGE = YES_ERROR;
				CLANG_WARN_DOCUMENTATION_COMMENTS = YES;
				CLANG_WARN_EMPTY_BODY = YES;
				CLANG_WARN_ENUM_CONVERSION = YES;
				CLANG_WARN_INFINITE_RECURSION = YES;
				CLANG_WARN_INT_CONVERSION = YES;
				CLANG_WARN_NON_LITERAL_NULL_CONVERSION = YES;
				CLANG_WARN_OBJC_IMPLICIT_RETAIN_SELF = YES;
				CLANG_WARN_OBJC_LITERAL_CONVERSION = YES;
				CLANG_WARN_OBJC_ROOT_CLASS = YES_ERROR;
				CLANG_WARN_RANGE_LOOP_ANALYSIS = YES;
				CLANG_WARN_STRICT_PROTOTYPES = YES;
				CLANG_WARN_SUSPICIOUS_MOVE = YES;
				CLANG_WARN_UNGUARDED_AVAILABILITY = YES_AGGRESSIVE;
				CLANG_WARN_UNREACHABLE_CODE = YES;
				CLANG_WARN__DUPLICATE_METHOD_MATCH = YES;
				CODE_SIGN_IDENTITY = "iPhone Developer";
				COPY_PHASE_STRIP = NO;
				DEBUG_INFORMATION_FORMAT = dwarf;
				ENABLE_STRICT_OBJC_MSGSEND = YES;
				ENABLE_TESTABILITY = YES;
				GCC_C_LANGUAGE_STANDARD = gnu11;
				GCC_DYNAMIC_NO_PIC = NO;
				GCC_NO_COMMON_BLOCKS = YES;
				GCC_OPTIMIZATION_LEVEL = 0;
				GCC_PREPROCESSOR_DEFINITIONS = (
					"DEBUG=1",
					"$(inherited)",
				);
				GCC_WARN_64_TO_32_BIT_CONVERSION = YES;
				GCC_WARN_ABOUT_RETURN_TYPE = YES_ERROR;
				GCC_WARN_UNDECLARED_SELECTOR = YES;
				GCC_WARN_UNINITIALIZED_AUTOS = YES_AGGRESSIVE;
				GCC_WARN_UNUSED_FUNCTION = YES;
				GCC_WARN_UNUSED_VARIABLE = YES;
				IPHONEOS_DEPLOYMENT_TARGET = 12.2;
				MTL_ENABLE_DEBUG_INFO = INCLUDE_SOURCE;
				MTL_FAST_MATH = YES;
				ONLY_ACTIVE_ARCH = YES;
				SDKROOT = iphoneos;
				SWIFT_ACTIVE_COMPILATION_CONDITIONS = DEBUG;
				SWIFT_OPTIMIZATION_LEVEL = "-Onone";
			};
			name = Debug;
		};
		18EA948C22C10CA800095B6A /* Release */ = {
			isa = XCBuildConfiguration;
			buildSettings = {
				ALWAYS_SEARCH_USER_PATHS = NO;
				CLANG_ANALYZER_NONNULL = YES;
				CLANG_ANALYZER_NUMBER_OBJECT_CONVERSION = YES_AGGRESSIVE;
				CLANG_CXX_LANGUAGE_STANDARD = "gnu++14";
				CLANG_CXX_LIBRARY = "libc++";
				CLANG_ENABLE_MODULES = YES;
				CLANG_ENABLE_OBJC_ARC = YES;
				CLANG_ENABLE_OBJC_WEAK = YES;
				CLANG_WARN_BLOCK_CAPTURE_AUTORELEASING = YES;
				CLANG_WARN_BOOL_CONVERSION = YES;
				CLANG_WARN_COMMA = YES;
				CLANG_WARN_CONSTANT_CONVERSION = YES;
				CLANG_WARN_DEPRECATED_OBJC_IMPLEMENTATIONS = YES;
				CLANG_WARN_DIRECT_OBJC_ISA_USAGE = YES_ERROR;
				CLANG_WARN_DOCUMENTATION_COMMENTS = YES;
				CLANG_WARN_EMPTY_BODY = YES;
				CLANG_WARN_ENUM_CONVERSION = YES;
				CLANG_WARN_INFINITE_RECURSION = YES;
				CLANG_WARN_INT_CONVERSION = YES;
				CLANG_WARN_NON_LITERAL_NULL_CONVERSION = YES;
				CLANG_WARN_OBJC_IMPLICIT_RETAIN_SELF = YES;
				CLANG_WARN_OBJC_LITERAL_CONVERSION = YES;
				CLANG_WARN_OBJC_ROOT_CLASS = YES_ERROR;
				CLANG_WARN_RANGE_LOOP_ANALYSIS = YES;
				CLANG_WARN_STRICT_PROTOTYPES = YES;
				CLANG_WARN_SUSPICIOUS_MOVE = YES;
				CLANG_WARN_UNGUARDED_AVAILABILITY = YES_AGGRESSIVE;
				CLANG_WARN_UNREACHABLE_CODE = YES;
				CLANG_WARN__DUPLICATE_METHOD_MATCH = YES;
				CODE_SIGN_IDENTITY = "iPhone Developer";
				COPY_PHASE_STRIP = NO;
				DEBUG_INFORMATION_FORMAT = "dwarf-with-dsym";
				ENABLE_NS_ASSERTIONS = NO;
				ENABLE_STRICT_OBJC_MSGSEND = YES;
				GCC_C_LANGUAGE_STANDARD = gnu11;
				GCC_NO_COMMON_BLOCKS = YES;
				GCC_WARN_64_TO_32_BIT_CONVERSION = YES;
				GCC_WARN_ABOUT_RETURN_TYPE = YES_ERROR;
				GCC_WARN_UNDECLARED_SELECTOR = YES;
				GCC_WARN_UNINITIALIZED_AUTOS = YES_AGGRESSIVE;
				GCC_WARN_UNUSED_FUNCTION = YES;
				GCC_WARN_UNUSED_VARIABLE = YES;
				IPHONEOS_DEPLOYMENT_TARGET = 12.2;
				MTL_ENABLE_DEBUG_INFO = NO;
				MTL_FAST_MATH = YES;
				SDKROOT = iphoneos;
				SWIFT_COMPILATION_MODE = wholemodule;
				SWIFT_OPTIMIZATION_LEVEL = "-O";
				VALIDATE_PRODUCT = YES;
			};
			name = Release;
		};
		18EA948E22C10CA800095B6A /* Debug */ = {
			isa = XCBuildConfiguration;
			buildSettings = {
				ASSETCATALOG_COMPILER_APPICON_NAME = AppIcon;
				CODE_SIGN_STYLE = Automatic;
				DEVELOPMENT_TEAM = 3256KY6UX2;
				INFOPLIST_FILE = todoList/Info.plist;
				LD_RUNPATH_SEARCH_PATHS = (
					"$(inherited)",
					"@executable_path/Frameworks",
				);
				PRODUCT_BUNDLE_IDENTIFIER = NomundariSukh.todoList;
				PRODUCT_NAME = "$(TARGET_NAME)";
				SWIFT_VERSION = 5.0;
				TARGETED_DEVICE_FAMILY = "1,2";
			};
			name = Debug;
		};
		18EA948F22C10CA800095B6A /* Release */ = {
			isa = XCBuildConfiguration;
			buildSettings = {
				ASSETCATALOG_COMPILER_APPICON_NAME = AppIcon;
				CODE_SIGN_STYLE = Automatic;
				DEVELOPMENT_TEAM = 3256KY6UX2;
				INFOPLIST_FILE = todoList/Info.plist;
				LD_RUNPATH_SEARCH_PATHS = (
					"$(inherited)",
					"@executable_path/Frameworks",
				);
				PRODUCT_BUNDLE_IDENTIFIER = NomundariSukh.todoList;
				PRODUCT_NAME = "$(TARGET_NAME)";
				SWIFT_VERSION = 5.0;
				TARGETED_DEVICE_FAMILY = "1,2";
			};
			name = Release;
		};
		18EA949122C10CA800095B6A /* Debug */ = {
			isa = XCBuildConfiguration;
			buildSettings = {
				ALWAYS_EMBED_SWIFT_STANDARD_LIBRARIES = YES;
				BUNDLE_LOADER = "$(TEST_HOST)";
				CODE_SIGN_STYLE = Automatic;
				DEVELOPMENT_TEAM = 3256KY6UX2;
				INFOPLIST_FILE = todoListTests/Info.plist;
				LD_RUNPATH_SEARCH_PATHS = (
					"$(inherited)",
					"@executable_path/Frameworks",
					"@loader_path/Frameworks",
				);
				PRODUCT_BUNDLE_IDENTIFIER = NomundariSukh.todoListTests;
				PRODUCT_NAME = "$(TARGET_NAME)";
				SWIFT_VERSION = 5.0;
				TARGETED_DEVICE_FAMILY = "1,2";
				TEST_HOST = "$(BUILT_PRODUCTS_DIR)/todoList.app/todoList";
			};
			name = Debug;
		};
		18EA949222C10CA800095B6A /* Release */ = {
			isa = XCBuildConfiguration;
			buildSettings = {
				ALWAYS_EMBED_SWIFT_STANDARD_LIBRARIES = YES;
				BUNDLE_LOADER = "$(TEST_HOST)";
				CODE_SIGN_STYLE = Automatic;
				DEVELOPMENT_TEAM = 3256KY6UX2;
				INFOPLIST_FILE = todoListTests/Info.plist;
				LD_RUNPATH_SEARCH_PATHS = (
					"$(inherited)",
					"@executable_path/Frameworks",
					"@loader_path/Frameworks",
				);
				PRODUCT_BUNDLE_IDENTIFIER = NomundariSukh.todoListTests;
				PRODUCT_NAME = "$(TARGET_NAME)";
				SWIFT_VERSION = 5.0;
				TARGETED_DEVICE_FAMILY = "1,2";
				TEST_HOST = "$(BUILT_PRODUCTS_DIR)/todoList.app/todoList";
			};
			name = Release;
		};
		18EA949422C10CA800095B6A /* Debug */ = {
			isa = XCBuildConfiguration;
			buildSettings = {
				ALWAYS_EMBED_SWIFT_STANDARD_LIBRARIES = YES;
				CODE_SIGN_STYLE = Automatic;
				DEVELOPMENT_TEAM = 3256KY6UX2;
				INFOPLIST_FILE = todoListUITests/Info.plist;
				LD_RUNPATH_SEARCH_PATHS = (
					"$(inherited)",
					"@executable_path/Frameworks",
					"@loader_path/Frameworks",
				);
				PRODUCT_BUNDLE_IDENTIFIER = NomundariSukh.todoListUITests;
				PRODUCT_NAME = "$(TARGET_NAME)";
				SWIFT_VERSION = 5.0;
				TARGETED_DEVICE_FAMILY = "1,2";
				TEST_TARGET_NAME = todoList;
			};
			name = Debug;
		};
		18EA949522C10CA800095B6A /* Release */ = {
			isa = XCBuildConfiguration;
			buildSettings = {
				ALWAYS_EMBED_SWIFT_STANDARD_LIBRARIES = YES;
				CODE_SIGN_STYLE = Automatic;
				DEVELOPMENT_TEAM = 3256KY6UX2;
				INFOPLIST_FILE = todoListUITests/Info.plist;
				LD_RUNPATH_SEARCH_PATHS = (
					"$(inherited)",
					"@executable_path/Frameworks",
					"@loader_path/Frameworks",
				);
				PRODUCT_BUNDLE_IDENTIFIER = NomundariSukh.todoListUITests;
				PRODUCT_NAME = "$(TARGET_NAME)";
				SWIFT_VERSION = 5.0;
				TARGETED_DEVICE_FAMILY = "1,2";
				TEST_TARGET_NAME = todoList;
			};
			name = Release;
		};
/* End XCBuildConfiguration section */

/* Begin XCConfigurationList section */
		18EA945D22C10CA700095B6A /* Build configuration list for PBXProject "todoList" */ = {
			isa = XCConfigurationList;
			buildConfigurations = (
				18EA948B22C10CA800095B6A /* Debug */,
				18EA948C22C10CA800095B6A /* Release */,
			);
			defaultConfigurationIsVisible = 0;
			defaultConfigurationName = Release;
		};
		18EA948D22C10CA800095B6A /* Build configuration list for PBXNativeTarget "todoList" */ = {
			isa = XCConfigurationList;
			buildConfigurations = (
				18EA948E22C10CA800095B6A /* Debug */,
				18EA948F22C10CA800095B6A /* Release */,
			);
			defaultConfigurationIsVisible = 0;
			defaultConfigurationName = Release;
		};
		18EA949022C10CA800095B6A /* Build configuration list for PBXNativeTarget "todoListTests" */ = {
			isa = XCConfigurationList;
			buildConfigurations = (
				18EA949122C10CA800095B6A /* Debug */,
				18EA949222C10CA800095B6A /* Release */,
			);
			defaultConfigurationIsVisible = 0;
			defaultConfigurationName = Release;
		};
		18EA949322C10CA800095B6A /* Build configuration list for PBXNativeTarget "todoListUITests" */ = {
			isa = XCConfigurationList;
			buildConfigurations = (
				18EA949422C10CA800095B6A /* Debug */,
				18EA949522C10CA800095B6A /* Release */,
			);
			defaultConfigurationIsVisible = 0;
			defaultConfigurationName = Release;
		};
/* End XCConfigurationList section */

/* Begin XCVersionGroup section */
		18EA946C22C10CA700095B6A /* todoList.xcdatamodeld */ = {
			isa = XCVersionGroup;
			children = (
				18EA946D22C10CA700095B6A /* todoList.xcdatamodel */,
			);
			currentVersion = 18EA946D22C10CA700095B6A /* todoList.xcdatamodel */;
			path = todoList.xcdatamodeld;
			sourceTree = "<group>";
			versionGroupType = wrapper.xcdatamodel;
		};
/* End XCVersionGroup section */
	};
	rootObject = 18EA945A22C10CA700095B6A /* Project object */;
}
